// !$*UTF8*$!
{
	archiveVersion = 1;
	classes = {
	};
	objectVersion = 50;
	objects = {

/* Begin PBXBuildFile section */
		9A2734402201799500A69CB1 /* AppDelegate.swift in Sources */ = {isa = PBXBuildFile; fileRef = 9A27343F2201799500A69CB1 /* AppDelegate.swift */; };
		9A2734422201799500A69CB1 /* GoalsVC.swift in Sources */ = {isa = PBXBuildFile; fileRef = 9A2734412201799500A69CB1 /* GoalsVC.swift */; };
		9A2734452201799500A69CB1 /* Main.storyboard in Resources */ = {isa = PBXBuildFile; fileRef = 9A2734432201799500A69CB1 /* Main.storyboard */; };
		9A2734482201799500A69CB1 /* PointyGoals.xcdatamodeld in Sources */ = {isa = PBXBuildFile; fileRef = 9A2734462201799500A69CB1 /* PointyGoals.xcdatamodeld */; };
		9A27344A2201799600A69CB1 /* Assets.xcassets in Resources */ = {isa = PBXBuildFile; fileRef = 9A2734492201799600A69CB1 /* Assets.xcassets */; };
		9A27344D2201799600A69CB1 /* LaunchScreen.storyboard in Resources */ = {isa = PBXBuildFile; fileRef = 9A27344B2201799600A69CB1 /* LaunchScreen.storyboard */; };
		9A27345A22017E1E00A69CB1 /* GoalCell.swift in Sources */ = {isa = PBXBuildFile; fileRef = 9A27345922017E1E00A69CB1 /* GoalCell.swift */; };
		9A27345C22017E3000A69CB1 /* GoalXib.xib in Resources */ = {isa = PBXBuildFile; fileRef = 9A27345B22017E3000A69CB1 /* GoalXib.xib */; };
		9A27345F220185B100A69CB1 /* GoalXibView.swift in Sources */ = {isa = PBXBuildFile; fileRef = 9A27345E220185B100A69CB1 /* GoalXibView.swift */; };
		9A27346122018C0500A69CB1 /* AddGoalVC.swift in Sources */ = {isa = PBXBuildFile; fileRef = 9A27346022018C0500A69CB1 /* AddGoalVC.swift */; };
		9A27346422018D4500A69CB1 /* UIViewControllerExtension.swift in Sources */ = {isa = PBXBuildFile; fileRef = 9A27346322018D4500A69CB1 /* UIViewControllerExtension.swift */; };
		9A2734672201910800A69CB1 /* KMPlaceholderTextView.swift in Sources */ = {isa = PBXBuildFile; fileRef = 9A2734662201910800A69CB1 /* KMPlaceholderTextView.swift */; };
		9A2734692201952900A69CB1 /* UIButtonExtension.swift in Sources */ = {isa = PBXBuildFile; fileRef = 9A2734682201952900A69CB1 /* UIButtonExtension.swift */; };
		9A27346B2201963D00A69CB1 /* UIViewExtension.swift in Sources */ = {isa = PBXBuildFile; fileRef = 9A27346A2201963D00A69CB1 /* UIViewExtension.swift */; };
		9A27346D22019FC700A69CB1 /* GoalType.swift in Sources */ = {isa = PBXBuildFile; fileRef = 9A27346C22019FC700A69CB1 /* GoalType.swift */; };
		9A27346F2201A97F00A69CB1 /* SaveGoalVC.swift in Sources */ = {isa = PBXBuildFile; fileRef = 9A27346E2201A97F00A69CB1 /* SaveGoalVC.swift */; };
/* End PBXBuildFile section */

/* Begin PBXFileReference section */
		9A27343C2201799500A69CB1 /* PointyGoals.app */ = {isa = PBXFileReference; explicitFileType = wrapper.application; includeInIndex = 0; path = PointyGoals.app; sourceTree = BUILT_PRODUCTS_DIR; };
		9A27343F2201799500A69CB1 /* AppDelegate.swift */ = {isa = PBXFileReference; lastKnownFileType = sourcecode.swift; path = AppDelegate.swift; sourceTree = "<group>"; };
		9A2734412201799500A69CB1 /* GoalsVC.swift */ = {isa = PBXFileReference; lastKnownFileType = sourcecode.swift; path = GoalsVC.swift; sourceTree = "<group>"; };
		9A2734442201799500A69CB1 /* Base */ = {isa = PBXFileReference; lastKnownFileType = file.storyboard; name = Base; path = Base.lproj/Main.storyboard; sourceTree = "<group>"; };
		9A2734472201799500A69CB1 /* PointyGoals.xcdatamodel */ = {isa = PBXFileReference; lastKnownFileType = wrapper.xcdatamodel; path = PointyGoals.xcdatamodel; sourceTree = "<group>"; };
		9A2734492201799600A69CB1 /* Assets.xcassets */ = {isa = PBXFileReference; lastKnownFileType = folder.assetcatalog; path = Assets.xcassets; sourceTree = "<group>"; };
		9A27344C2201799600A69CB1 /* Base */ = {isa = PBXFileReference; lastKnownFileType = file.storyboard; name = Base; path = Base.lproj/LaunchScreen.storyboard; sourceTree = "<group>"; };
		9A27344E2201799600A69CB1 /* Info.plist */ = {isa = PBXFileReference; lastKnownFileType = text.plist.xml; path = Info.plist; sourceTree = "<group>"; };
		9A27345922017E1E00A69CB1 /* GoalCell.swift */ = {isa = PBXFileReference; lastKnownFileType = sourcecode.swift; path = GoalCell.swift; sourceTree = "<group>"; };
		9A27345B22017E3000A69CB1 /* GoalXib.xib */ = {isa = PBXFileReference; lastKnownFileType = file.xib; path = GoalXib.xib; sourceTree = "<group>"; };
		9A27345E220185B100A69CB1 /* GoalXibView.swift */ = {isa = PBXFileReference; lastKnownFileType = sourcecode.swift; path = GoalXibView.swift; sourceTree = "<group>"; };
		9A27346022018C0500A69CB1 /* AddGoalVC.swift */ = {isa = PBXFileReference; lastKnownFileType = sourcecode.swift; path = AddGoalVC.swift; sourceTree = "<group>"; };
		9A27346322018D4500A69CB1 /* UIViewControllerExtension.swift */ = {isa = PBXFileReference; lastKnownFileType = sourcecode.swift; path = UIViewControllerExtension.swift; sourceTree = "<group>"; };
		9A2734662201910800A69CB1 /* KMPlaceholderTextView.swift */ = {isa = PBXFileReference; lastKnownFileType = sourcecode.swift; path = KMPlaceholderTextView.swift; sourceTree = "<group>"; };
		9A2734682201952900A69CB1 /* UIButtonExtension.swift */ = {isa = PBXFileReference; lastKnownFileType = sourcecode.swift; path = UIButtonExtension.swift; sourceTree = "<group>"; };
		9A27346A2201963D00A69CB1 /* UIViewExtension.swift */ = {isa = PBXFileReference; lastKnownFileType = sourcecode.swift; path = UIViewExtension.swift; sourceTree = "<group>"; };
		9A27346C22019FC700A69CB1 /* GoalType.swift */ = {isa = PBXFileReference; lastKnownFileType = sourcecode.swift; path = GoalType.swift; sourceTree = "<group>"; };
		9A27346E2201A97F00A69CB1 /* SaveGoalVC.swift */ = {isa = PBXFileReference; lastKnownFileType = sourcecode.swift; path = SaveGoalVC.swift; sourceTree = "<group>"; };
/* End PBXFileReference section */

/* Begin PBXFrameworksBuildPhase section */
		9A2734392201799500A69CB1 /* Frameworks */ = {
			isa = PBXFrameworksBuildPhase;
			buildActionMask = 2147483647;
			files = (
			);
			runOnlyForDeploymentPostprocessing = 0;
		};
/* End PBXFrameworksBuildPhase section */

/* Begin PBXGroup section */
		9A2734332201799500A69CB1 = {
			isa = PBXGroup;
			children = (
				9A27343E2201799500A69CB1 /* PointyGoals */,
				9A27343D2201799500A69CB1 /* Products */,
			);
			sourceTree = "<group>";
		};
		9A27343D2201799500A69CB1 /* Products */ = {
			isa = PBXGroup;
			children = (
				9A27343C2201799500A69CB1 /* PointyGoals.app */,
			);
			name = Products;
			sourceTree = "<group>";
		};
		9A27343E2201799500A69CB1 /* PointyGoals */ = {
			isa = PBXGroup;
			children = (
				9A273465220190F100A69CB1 /* Supporting Files */,
				9A27343F2201799500A69CB1 /* AppDelegate.swift */,
				9A2734432201799500A69CB1 /* Main.storyboard */,
				9A27346222018D2800A69CB1 /* Extensions */,
				9A27345722017DCD00A69CB1 /* Xibs */,
				9A27345422017D9F00A69CB1 /* Views */,
				9A27345622017DC400A69CB1 /* Cells */,
				9A27345522017DB500A69CB1 /* Controllers */,
				9A2734492201799600A69CB1 /* Assets.xcassets */,
				9A27344B2201799600A69CB1 /* LaunchScreen.storyboard */,
				9A27344E2201799600A69CB1 /* Info.plist */,
				9A2734462201799500A69CB1 /* PointyGoals.xcdatamodeld */,
			);
			path = PointyGoals;
			sourceTree = "<group>";
		};
		9A27345422017D9F00A69CB1 /* Views */ = {
			isa = PBXGroup;
			children = (
				9A27345E220185B100A69CB1 /* GoalXibView.swift */,
			);
			path = Views;
			sourceTree = "<group>";
		};
		9A27345522017DB500A69CB1 /* Controllers */ = {
			isa = PBXGroup;
			children = (
				9A2734412201799500A69CB1 /* GoalsVC.swift */,
				9A27346022018C0500A69CB1 /* AddGoalVC.swift */,
				9A27346E2201A97F00A69CB1 /* SaveGoalVC.swift */,
			);
			path = Controllers;
			sourceTree = "<group>";
		};
		9A27345622017DC400A69CB1 /* Cells */ = {
			isa = PBXGroup;
			children = (
				9A27345922017E1E00A69CB1 /* GoalCell.swift */,
			);
			path = Cells;
			sourceTree = "<group>";
		};
		9A27345722017DCD00A69CB1 /* Xibs */ = {
			isa = PBXGroup;
			children = (
				9A27345B22017E3000A69CB1 /* GoalXib.xib */,
			);
			path = Xibs;
			sourceTree = "<group>";
		};
		9A27346222018D2800A69CB1 /* Extensions */ = {
			isa = PBXGroup;
			children = (
				9A27346322018D4500A69CB1 /* UIViewControllerExtension.swift */,
				9A2734682201952900A69CB1 /* UIButtonExtension.swift */,
				9A27346A2201963D00A69CB1 /* UIViewExtension.swift */,
			);
			path = Extensions;
			sourceTree = "<group>";
		};
		9A273465220190F100A69CB1 /* Supporting Files */ = {
			isa = PBXGroup;
			children = (
				9A2734662201910800A69CB1 /* KMPlaceholderTextView.swift */,
				9A27346C22019FC700A69CB1 /* GoalType.swift */,
			);
			path = "Supporting Files";
			sourceTree = "<group>";
		};
/* End PBXGroup section */

/* Begin PBXNativeTarget section */
		9A27343B2201799500A69CB1 /* PointyGoals */ = {
			isa = PBXNativeTarget;
			buildConfigurationList = 9A2734512201799600A69CB1 /* Build configuration list for PBXNativeTarget "PointyGoals" */;
			buildPhases = (
				9A2734382201799500A69CB1 /* Sources */,
				9A2734392201799500A69CB1 /* Frameworks */,
				9A27343A2201799500A69CB1 /* Resources */,
			);
			buildRules = (
			);
			dependencies = (
			);
			name = PointyGoals;
			productName = PointyGoals;
			productReference = 9A27343C2201799500A69CB1 /* PointyGoals.app */;
			productType = "com.apple.product-type.application";
		};
/* End PBXNativeTarget section */

/* Begin PBXProject section */
		9A2734342201799500A69CB1 /* Project object */ = {
			isa = PBXProject;
			attributes = {
				LastSwiftUpdateCheck = 1010;
				LastUpgradeCheck = 1010;
				ORGANIZATIONNAME = "Waleed Saad";
				TargetAttributes = {
					9A27343B2201799500A69CB1 = {
						CreatedOnToolsVersion = 10.1;
					};
				};
			};
			buildConfigurationList = 9A2734372201799500A69CB1 /* Build configuration list for PBXProject "PointyGoals" */;
			compatibilityVersion = "Xcode 9.3";
			developmentRegion = en;
			hasScannedForEncodings = 0;
			knownRegions = (
				en,
				Base,
			);
			mainGroup = 9A2734332201799500A69CB1;
			productRefGroup = 9A27343D2201799500A69CB1 /* Products */;
			projectDirPath = "";
			projectRoot = "";
			targets = (
				9A27343B2201799500A69CB1 /* PointyGoals */,
			);
		};
/* End PBXProject section */

/* Begin PBXResourcesBuildPhase section */
		9A27343A2201799500A69CB1 /* Resources */ = {
			isa = PBXResourcesBuildPhase;
			buildActionMask = 2147483647;
			files = (
				9A27344D2201799600A69CB1 /* LaunchScreen.storyboard in Resources */,
				9A27344A2201799600A69CB1 /* Assets.xcassets in Resources */,
				9A27345C22017E3000A69CB1 /* GoalXib.xib in Resources */,
				9A2734452201799500A69CB1 /* Main.storyboard in Resources */,
			);
			runOnlyForDeploymentPostprocessing = 0;
		};
/* End PBXResourcesBuildPhase section */

/* Begin PBXSourcesBuildPhase section */
		9A2734382201799500A69CB1 /* Sources */ = {
			isa = PBXSourcesBuildPhase;
			buildActionMask = 2147483647;
			files = (
				9A27346B2201963D00A69CB1 /* UIViewExtension.swift in Sources */,
				9A27345A22017E1E00A69CB1 /* GoalCell.swift in Sources */,
				9A2734672201910800A69CB1 /* KMPlaceholderTextView.swift in Sources */,
				9A2734482201799500A69CB1 /* PointyGoals.xcdatamodeld in Sources */,
				9A27346D22019FC700A69CB1 /* GoalType.swift in Sources */,
				9A2734422201799500A69CB1 /* GoalsVC.swift in Sources */,
				9A27346F2201A97F00A69CB1 /* SaveGoalVC.swift in Sources */,
				9A27346122018C0500A69CB1 /* AddGoalVC.swift in Sources */,
				9A2734692201952900A69CB1 /* UIButtonExtension.swift in Sources */,
				9A27345F220185B100A69CB1 /* GoalXibView.swift in Sources */,
				9A27346422018D4500A69CB1 /* UIViewControllerExtension.swift in Sources */,
				9A2734402201799500A69CB1 /* AppDelegate.swift in Sources */,
			);
			runOnlyForDeploymentPostprocessing = 0;
		};
/* End PBXSourcesBuildPhase section */

/* Begin PBXVariantGroup section */
		9A2734432201799500A69CB1 /* Main.storyboard */ = {
			isa = PBXVariantGroup;
			children = (
				9A2734442201799500A69CB1 /* Base */,
			);
			name = Main.storyboard;
			sourceTree = "<group>";
		};
		9A27344B2201799600A69CB1 /* LaunchScreen.storyboard */ = {
			isa = PBXVariantGroup;
			children = (
				9A27344C2201799600A69CB1 /* Base */,
			);
			name = LaunchScreen.storyboard;
			sourceTree = "<group>";
		};
/* End PBXVariantGroup section */

/* Begin XCBuildConfiguration section */
		9A27344F2201799600A69CB1 /* Debug */ = {
			isa = XCBuildConfiguration;
			buildSettings = {
				ALWAYS_SEARCH_USER_PATHS = NO;
				CLANG_ANALYZER_NONNULL = YES;
				CLANG_ANALYZER_NUMBER_OBJECT_CONVERSION = YES_AGGRESSIVE;
				CLANG_CXX_LANGUAGE_STANDARD = "gnu++14";
				CLANG_CXX_LIBRARY = "libc++";
				CLANG_ENABLE_MODULES = YES;
				CLANG_ENABLE_OBJC_ARC = YES;
				CLANG_ENABLE_OBJC_WEAK = YES;
				CLANG_WARN_BLOCK_CAPTURE_AUTORELEASING = YES;
				CLANG_WARN_BOOL_CONVERSION = YES;
				CLANG_WARN_COMMA = YES;
				CLANG_WARN_CONSTANT_CONVERSION = YES;
				CLANG_WARN_DEPRECATED_OBJC_IMPLEMENTATIONS = YES;
				CLANG_WARN_DIRECT_OBJC_ISA_USAGE = YES_ERROR;
				CLANG_WARN_DOCUMENTATION_COMMENTS = YES;
				CLANG_WARN_EMPTY_BODY = YES;
				CLANG_WARN_ENUM_CONVERSION = YES;
				CLANG_WARN_INFINITE_RECURSION = YES;
				CLANG_WARN_INT_CONVERSION = YES;
				CLANG_WARN_NON_LITERAL_NULL_CONVERSION = YES;
				CLANG_WARN_OBJC_IMPLICIT_RETAIN_SELF = YES;
				CLANG_WARN_OBJC_LITERAL_CONVERSION = YES;
				CLANG_WARN_OBJC_ROOT_CLASS = YES_ERROR;
				CLANG_WARN_RANGE_LOOP_ANALYSIS = YES;
				CLANG_WARN_STRICT_PROTOTYPES = YES;
				CLANG_WARN_SUSPICIOUS_MOVE = YES;
				CLANG_WARN_UNGUARDED_AVAILABILITY = YES_AGGRESSIVE;
				CLANG_WARN_UNREACHABLE_CODE = YES;
				CLANG_WARN__DUPLICATE_METHOD_MATCH = YES;
				CODE_SIGN_IDENTITY = "iPhone Developer";
				COPY_PHASE_STRIP = NO;
				DEBUG_INFORMATION_FORMAT = dwarf;
				ENABLE_STRICT_OBJC_MSGSEND = YES;
				ENABLE_TESTABILITY = YES;
				GCC_C_LANGUAGE_STANDARD = gnu11;
				GCC_DYNAMIC_NO_PIC = NO;
				GCC_NO_COMMON_BLOCKS = YES;
				GCC_OPTIMIZATION_LEVEL = 0;
				GCC_PREPROCESSOR_DEFINITIONS = (
					"DEBUG=1",
					"$(inherited)",
				);
				GCC_WARN_64_TO_32_BIT_CONVERSION = YES;
				GCC_WARN_ABOUT_RETURN_TYPE = YES_ERROR;
				GCC_WARN_UNDECLARED_SELECTOR = YES;
				GCC_WARN_UNINITIALIZED_AUTOS = YES_AGGRESSIVE;
				GCC_WARN_UNUSED_FUNCTION = YES;
				GCC_WARN_UNUSED_VARIABLE = YES;
				IPHONEOS_DEPLOYMENT_TARGET = 12.1;
				MTL_ENABLE_DEBUG_INFO = INCLUDE_SOURCE;
				MTL_FAST_MATH = YES;
				ONLY_ACTIVE_ARCH = YES;
				SDKROOT = iphoneos;
				SWIFT_ACTIVE_COMPILATION_CONDITIONS = DEBUG;
				SWIFT_OPTIMIZATION_LEVEL = "-Onone";
			};
			name = Debug;
		};
		9A2734502201799600A69CB1 /* Release */ = {
			isa = XCBuildConfiguration;
			buildSettings = {
				ALWAYS_SEARCH_USER_PATHS = NO;
				CLANG_ANALYZER_NONNULL = YES;
				CLANG_ANALYZER_NUMBER_OBJECT_CONVERSION = YES_AGGRESSIVE;
				CLANG_CXX_LANGUAGE_STANDARD = "gnu++14";
				CLANG_CXX_LIBRARY = "libc++";
				CLANG_ENABLE_MODULES = YES;
				CLANG_ENABLE_OBJC_ARC = YES;
				CLANG_ENABLE_OBJC_WEAK = YES;
				CLANG_WARN_BLOCK_CAPTURE_AUTORELEASING = YES;
				CLANG_WARN_BOOL_CONVERSION = YES;
				CLANG_WARN_COMMA = YES;
				CLANG_WARN_CONSTANT_CONVERSION = YES;
				CLANG_WARN_DEPRECATED_OBJC_IMPLEMENTATIONS = YES;
				CLANG_WARN_DIRECT_OBJC_ISA_USAGE = YES_ERROR;
				CLANG_WARN_DOCUMENTATION_COMMENTS = YES;
				CLANG_WARN_EMPTY_BODY = YES;
				CLANG_WARN_ENUM_CONVERSION = YES;
				CLANG_WARN_INFINITE_RECURSION = YES;
				CLANG_WARN_INT_CONVERSION = YES;
				CLANG_WARN_NON_LITERAL_NULL_CONVERSION = YES;
				CLANG_WARN_OBJC_IMPLICIT_RETAIN_SELF = YES;
				CLANG_WARN_OBJC_LITERAL_CONVERSION = YES;
				CLANG_WARN_OBJC_ROOT_CLASS = YES_ERROR;
				CLANG_WARN_RANGE_LOOP_ANALYSIS = YES;
				CLANG_WARN_STRICT_PROTOTYPES = YES;
				CLANG_WARN_SUSPICIOUS_MOVE = YES;
				CLANG_WARN_UNGUARDED_AVAILABILITY = YES_AGGRESSIVE;
				CLANG_WARN_UNREACHABLE_CODE = YES;
				CLANG_WARN__DUPLICATE_METHOD_MATCH = YES;
				CODE_SIGN_IDENTITY = "iPhone Developer";
				COPY_PHASE_STRIP = NO;
				DEBUG_INFORMATION_FORMAT = "dwarf-with-dsym";
				ENABLE_NS_ASSERTIONS = NO;
				ENABLE_STRICT_OBJC_MSGSEND = YES;
				GCC_C_LANGUAGE_STANDARD = gnu11;
				GCC_NO_COMMON_BLOCKS = YES;
				GCC_WARN_64_TO_32_BIT_CONVERSION = YES;
				GCC_WARN_ABOUT_RETURN_TYPE = YES_ERROR;
				GCC_WARN_UNDECLARED_SELECTOR = YES;
				GCC_WARN_UNINITIALIZED_AUTOS = YES_AGGRESSIVE;
				GCC_WARN_UNUSED_FUNCTION = YES;
				GCC_WARN_UNUSED_VARIABLE = YES;
				IPHONEOS_DEPLOYMENT_TARGET = 12.1;
				MTL_ENABLE_DEBUG_INFO = NO;
				MTL_FAST_MATH = YES;
				SDKROOT = iphoneos;
				SWIFT_COMPILATION_MODE = wholemodule;
				SWIFT_OPTIMIZATION_LEVEL = "-O";
				VALIDATE_PRODUCT = YES;
			};
			name = Release;
		};
		9A2734522201799600A69CB1 /* Debug */ = {
			isa = XCBuildConfiguration;
			buildSettings = {
				ASSETCATALOG_COMPILER_APPICON_NAME = AppIcon;
				CODE_SIGN_STYLE = Automatic;
				DEVELOPMENT_TEAM = 9ZQYXKN3W6;
				INFOPLIST_FILE = PointyGoals/Info.plist;
				LD_RUNPATH_SEARCH_PATHS = (
					"$(inherited)",
					"@executable_path/Frameworks",
				);
				PRODUCT_BUNDLE_IDENTIFIER = waleedsaad.PointyGoals;
				PRODUCT_NAME = "$(TARGET_NAME)";
				SWIFT_VERSION = 4.2;
				TARGETED_DEVICE_FAMILY = "1,2";
			};
			name = Debug;
		};
		9A2734532201799600A69CB1 /* Release */ = {
			isa = XCBuildConfiguration;
			buildSettings = {
				ASSETCATALOG_COMPILER_APPICON_NAME = AppIcon;
				CODE_SIGN_STYLE = Automatic;
				DEVELOPMENT_TEAM = 9ZQYXKN3W6;
				INFOPLIST_FILE = PointyGoals/Info.plist;
				LD_RUNPATH_SEARCH_PATHS = (
					"$(inherited)",
					"@executable_path/Frameworks",
				);
				PRODUCT_BUNDLE_IDENTIFIER = waleedsaad.PointyGoals;
				PRODUCT_NAME = "$(TARGET_NAME)";
				SWIFT_VERSION = 4.2;
				TARGETED_DEVICE_FAMILY = "1,2";
			};
			name = Release;
		};
/* End XCBuildConfiguration section */

/* Begin XCConfigurationList section */
		9A2734372201799500A69CB1 /* Build configuration list for PBXProject "PointyGoals" */ = {
			isa = XCConfigurationList;
			buildConfigurations = (
				9A27344F2201799600A69CB1 /* Debug */,
				9A2734502201799600A69CB1 /* Release */,
			);
			defaultConfigurationIsVisible = 0;
			defaultConfigurationName = Release;
		};
		9A2734512201799600A69CB1 /* Build configuration list for PBXNativeTarget "PointyGoals" */ = {
			isa = XCConfigurationList;
			buildConfigurations = (
				9A2734522201799600A69CB1 /* Debug */,
				9A2734532201799600A69CB1 /* Release */,
			);
			defaultConfigurationIsVisible = 0;
			defaultConfigurationName = Release;
		};
/* End XCConfigurationList section */

/* Begin XCVersionGroup section */
		9A2734462201799500A69CB1 /* PointyGoals.xcdatamodeld */ = {
			isa = XCVersionGroup;
			children = (
				9A2734472201799500A69CB1 /* PointyGoals.xcdatamodel */,
			);
			currentVersion = 9A2734472201799500A69CB1 /* PointyGoals.xcdatamodel */;
			path = PointyGoals.xcdatamodeld;
			sourceTree = "<group>";
			versionGroupType = wrapper.xcdatamodel;
		};
/* End XCVersionGroup section */
	};
	rootObject = 9A2734342201799500A69CB1 /* Project object */;
}
